// !$*UTF8*$!
{
	archiveVersion = 1;
	classes = {
	};
	objectVersion = 46;
	objects = {

/* Begin PBXBuildFile section */
		EC7090FF18AC4D87009A5520 /* Foundation.framework in Frameworks */ = {isa = PBXBuildFile; fileRef = EC7090FE18AC4D87009A5520 /* Foundation.framework */; };
		EC70910118AC4D87009A5520 /* CoreGraphics.framework in Frameworks */ = {isa = PBXBuildFile; fileRef = EC70910018AC4D87009A5520 /* CoreGraphics.framework */; };
		EC70910318AC4D87009A5520 /* UIKit.framework in Frameworks */ = {isa = PBXBuildFile; fileRef = EC70910218AC4D87009A5520 /* UIKit.framework */; };
		EC70910918AC4D87009A5520 /* InfoPlist.strings in Resources */ = {isa = PBXBuildFile; fileRef = EC70910718AC4D87009A5520 /* InfoPlist.strings */; };
		EC70910B18AC4D87009A5520 /* main.m in Sources */ = {isa = PBXBuildFile; fileRef = EC70910A18AC4D87009A5520 /* main.m */; };
		EC70910F18AC4D87009A5520 /* AppDelegate.m in Sources */ = {isa = PBXBuildFile; fileRef = EC70910E18AC4D87009A5520 /* AppDelegate.m */; };
		EC70911218AC4D87009A5520 /* Main.storyboard in Resources */ = {isa = PBXBuildFile; fileRef = EC70911018AC4D87009A5520 /* Main.storyboard */; };
		EC70911518AC4D87009A5520 /* ViewController.m in Sources */ = {isa = PBXBuildFile; fileRef = EC70911418AC4D87009A5520 /* ViewController.m */; };
		EC70911718AC4D87009A5520 /* Images.xcassets in Resources */ = {isa = PBXBuildFile; fileRef = EC70911618AC4D87009A5520 /* Images.xcassets */; };
		EC70911E18AC4D87009A5520 /* XCTest.framework in Frameworks */ = {isa = PBXBuildFile; fileRef = EC70911D18AC4D87009A5520 /* XCTest.framework */; };
		EC70911F18AC4D87009A5520 /* Foundation.framework in Frameworks */ = {isa = PBXBuildFile; fileRef = EC7090FE18AC4D87009A5520 /* Foundation.framework */; };
		EC70912018AC4D87009A5520 /* UIKit.framework in Frameworks */ = {isa = PBXBuildFile; fileRef = EC70910218AC4D87009A5520 /* UIKit.framework */; };
		EC70912818AC4D87009A5520 /* InfoPlist.strings in Resources */ = {isa = PBXBuildFile; fileRef = EC70912618AC4D87009A5520 /* InfoPlist.strings */; };
		EC70912A18AC4D87009A5520 /* CrystalBallTests.m in Sources */ = {isa = PBXBuildFile; fileRef = EC70912918AC4D87009A5520 /* CrystalBallTests.m */; };
		EC70913518B00C8A009A5520 /* CystalBall.m in Sources */ = {isa = PBXBuildFile; fileRef = EC70913418B00C8A009A5520 /* CystalBall.m */; };
		EC70913718B2D61F009A5520 /* crystal_ball.mp3 in Resources */ = {isa = PBXBuildFile; fileRef = EC70913618B2D61E009A5520 /* crystal_ball.mp3 */; };
		EC70913918B2D687009A5520 /* AudioToolbox.framework in Frameworks */ = {isa = PBXBuildFile; fileRef = EC70913818B2D687009A5520 /* AudioToolbox.framework */; };
/* End PBXBuildFile section */

/* Begin PBXContainerItemProxy section */
		EC70912118AC4D87009A5520 /* PBXContainerItemProxy */ = {
			isa = PBXContainerItemProxy;
			containerPortal = EC7090F318AC4D87009A5520 /* Project object */;
			proxyType = 1;
			remoteGlobalIDString = EC7090FA18AC4D87009A5520;
			remoteInfo = CrystalBall;
		};
/* End PBXContainerItemProxy section */

/* Begin PBXFileReference section */
		EC7090FB18AC4D87009A5520 /* CrystalBall.app */ = {isa = PBXFileReference; explicitFileType = wrapper.application; includeInIndex = 0; path = CrystalBall.app; sourceTree = BUILT_PRODUCTS_DIR; };
		EC7090FE18AC4D87009A5520 /* Foundation.framework */ = {isa = PBXFileReference; lastKnownFileType = wrapper.framework; name = Foundation.framework; path = System/Library/Frameworks/Foundation.framework; sourceTree = SDKROOT; };
		EC70910018AC4D87009A5520 /* CoreGraphics.framework */ = {isa = PBXFileReference; lastKnownFileType = wrapper.framework; name = CoreGraphics.framework; path = System/Library/Frameworks/CoreGraphics.framework; sourceTree = SDKROOT; };
		EC70910218AC4D87009A5520 /* UIKit.framework */ = {isa = PBXFileReference; lastKnownFileType = wrapper.framework; name = UIKit.framework; path = System/Library/Frameworks/UIKit.framework; sourceTree = SDKROOT; };
		EC70910618AC4D87009A5520 /* CrystalBall-Info.plist */ = {isa = PBXFileReference; lastKnownFileType = text.plist.xml; path = "CrystalBall-Info.plist"; sourceTree = "<group>"; };
		EC70910818AC4D87009A5520 /* en */ = {isa = PBXFileReference; lastKnownFileType = text.plist.strings; name = en; path = en.lproj/InfoPlist.strings; sourceTree = "<group>"; };
		EC70910A18AC4D87009A5520 /* main.m */ = {isa = PBXFileReference; lastKnownFileType = sourcecode.c.objc; path = main.m; sourceTree = "<group>"; };
		EC70910C18AC4D87009A5520 /* CrystalBall-Prefix.pch */ = {isa = PBXFileReference; lastKnownFileType = sourcecode.c.h; path = "CrystalBall-Prefix.pch"; sourceTree = "<group>"; };
		EC70910D18AC4D87009A5520 /* AppDelegate.h */ = {isa = PBXFileReference; lastKnownFileType = sourcecode.c.h; path = AppDelegate.h; sourceTree = "<group>"; };
		EC70910E18AC4D87009A5520 /* AppDelegate.m */ = {isa = PBXFileReference; lastKnownFileType = sourcecode.c.objc; path = AppDelegate.m; sourceTree = "<group>"; };
		EC70911118AC4D87009A5520 /* Base */ = {isa = PBXFileReference; lastKnownFileType = file.storyboard; name = Base; path = Base.lproj/Main.storyboard; sourceTree = "<group>"; };
		EC70911318AC4D87009A5520 /* ViewController.h */ = {isa = PBXFileReference; lastKnownFileType = sourcecode.c.h; path = ViewController.h; sourceTree = "<group>"; };
		EC70911418AC4D87009A5520 /* ViewController.m */ = {isa = PBXFileReference; lastKnownFileType = sourcecode.c.objc; path = ViewController.m; sourceTree = "<group>"; };
		EC70911618AC4D87009A5520 /* Images.xcassets */ = {isa = PBXFileReference; lastKnownFileType = folder.assetcatalog; path = Images.xcassets; sourceTree = "<group>"; };
		EC70911C18AC4D87009A5520 /* CrystalBallTests.xctest */ = {isa = PBXFileReference; explicitFileType = wrapper.cfbundle; includeInIndex = 0; path = CrystalBallTests.xctest; sourceTree = BUILT_PRODUCTS_DIR; };
		EC70911D18AC4D87009A5520 /* XCTest.framework */ = {isa = PBXFileReference; lastKnownFileType = wrapper.framework; name = XCTest.framework; path = Library/Frameworks/XCTest.framework; sourceTree = DEVELOPER_DIR; };
		EC70912518AC4D87009A5520 /* CrystalBallTests-Info.plist */ = {isa = PBXFileReference; lastKnownFileType = text.plist.xml; path = "CrystalBallTests-Info.plist"; sourceTree = "<group>"; };
		EC70912718AC4D87009A5520 /* en */ = {isa = PBXFileReference; lastKnownFileType = text.plist.strings; name = en; path = en.lproj/InfoPlist.strings; sourceTree = "<group>"; };
		EC70912918AC4D87009A5520 /* CrystalBallTests.m */ = {isa = PBXFileReference; lastKnownFileType = sourcecode.c.objc; path = CrystalBallTests.m; sourceTree = "<group>"; };
		EC70913318B00C8A009A5520 /* CystalBall.h */ = {isa = PBXFileReference; fileEncoding = 4; lastKnownFileType = sourcecode.c.h; path = CystalBall.h; sourceTree = "<group>"; };
		EC70913418B00C8A009A5520 /* CystalBall.m */ = {isa = PBXFileReference; fileEncoding = 4; lastKnownFileType = sourcecode.c.objc; path = CystalBall.m; sourceTree = "<group>"; };
		EC70913618B2D61E009A5520 /* crystal_ball.mp3 */ = {isa = PBXFileReference; lastKnownFileType = audio.mp3; path = crystal_ball.mp3; sourceTree = "<group>"; };
		EC70913818B2D687009A5520 /* AudioToolbox.framework */ = {isa = PBXFileReference; lastKnownFileType = wrapper.framework; name = AudioToolbox.framework; path = System/Library/Frameworks/AudioToolbox.framework; sourceTree = SDKROOT; };
/* End PBXFileReference section */

/* Begin PBXFrameworksBuildPhase section */
		EC7090F818AC4D87009A5520 /* Frameworks */ = {
			isa = PBXFrameworksBuildPhase;
			buildActionMask = 2147483647;
			files = (
				EC70913918B2D687009A5520 /* AudioToolbox.framework in Frameworks */,
				EC70910118AC4D87009A5520 /* CoreGraphics.framework in Frameworks */,
				EC70910318AC4D87009A5520 /* UIKit.framework in Frameworks */,
				EC7090FF18AC4D87009A5520 /* Foundation.framework in Frameworks */,
			);
			runOnlyForDeploymentPostprocessing = 0;
		};
		EC70911918AC4D87009A5520 /* Frameworks */ = {
			isa = PBXFrameworksBuildPhase;
			buildActionMask = 2147483647;
			files = (
				EC70911E18AC4D87009A5520 /* XCTest.framework in Frameworks */,
				EC70912018AC4D87009A5520 /* UIKit.framework in Frameworks */,
				EC70911F18AC4D87009A5520 /* Foundation.framework in Frameworks */,
			);
			runOnlyForDeploymentPostprocessing = 0;
		};
/* End PBXFrameworksBuildPhase section */

/* Begin PBXGroup section */
		EC7090F218AC4D87009A5520 = {
			isa = PBXGroup;
			children = (
				EC70910418AC4D87009A5520 /* CrystalBall */,
				EC70912318AC4D87009A5520 /* CrystalBallTests */,
				EC7090FD18AC4D87009A5520 /* Frameworks */,
				EC7090FC18AC4D87009A5520 /* Products */,
			);
			sourceTree = "<group>";
		};
		EC7090FC18AC4D87009A5520 /* Products */ = {
			isa = PBXGroup;
			children = (
				EC7090FB18AC4D87009A5520 /* CrystalBall.app */,
				EC70911C18AC4D87009A5520 /* CrystalBallTests.xctest */,
			);
			name = Products;
			sourceTree = "<group>";
		};
		EC7090FD18AC4D87009A5520 /* Frameworks */ = {
			isa = PBXGroup;
			children = (
				EC70913818B2D687009A5520 /* AudioToolbox.framework */,
				EC7090FE18AC4D87009A5520 /* Foundation.framework */,
				EC70910018AC4D87009A5520 /* CoreGraphics.framework */,
				EC70910218AC4D87009A5520 /* UIKit.framework */,
				EC70911D18AC4D87009A5520 /* XCTest.framework */,
			);
			name = Frameworks;
			sourceTree = "<group>";
		};
		EC70910418AC4D87009A5520 /* CrystalBall */ = {
			isa = PBXGroup;
			children = (
				EC70913618B2D61E009A5520 /* crystal_ball.mp3 */,
				EC70911018AC4D87009A5520 /* Main.storyboard */,
				EC70911318AC4D87009A5520 /* ViewController.h */,
				EC70911418AC4D87009A5520 /* ViewController.m */,
				EC70911618AC4D87009A5520 /* Images.xcassets */,
				EC70910518AC4D87009A5520 /* Supporting Files */,
				EC70913318B00C8A009A5520 /* CystalBall.h */,
				EC70913418B00C8A009A5520 /* CystalBall.m */,
			);
			path = CrystalBall;
			sourceTree = "<group>";
		};
		EC70910518AC4D87009A5520 /* Supporting Files */ = {
			isa = PBXGroup;
			children = (
				EC70910D18AC4D87009A5520 /* AppDelegate.h */,
				EC70910E18AC4D87009A5520 /* AppDelegate.m */,
				EC70910618AC4D87009A5520 /* CrystalBall-Info.plist */,
				EC70910718AC4D87009A5520 /* InfoPlist.strings */,
				EC70910A18AC4D87009A5520 /* main.m */,
				EC70910C18AC4D87009A5520 /* CrystalBall-Prefix.pch */,
			);
			name = "Supporting Files";
			sourceTree = "<group>";
		};
		EC70912318AC4D87009A5520 /* CrystalBallTests */ = {
			isa = PBXGroup;
			children = (
				EC70912918AC4D87009A5520 /* CrystalBallTests.m */,
				EC70912418AC4D87009A5520 /* Supporting Files */,
			);
			path = CrystalBallTests;
			sourceTree = "<group>";
		};
		EC70912418AC4D87009A5520 /* Supporting Files */ = {
			isa = PBXGroup;
			children = (
				EC70912518AC4D87009A5520 /* CrystalBallTests-Info.plist */,
				EC70912618AC4D87009A5520 /* InfoPlist.strings */,
			);
			name = "Supporting Files";
			sourceTree = "<group>";
		};
/* End PBXGroup section */

/* Begin PBXNativeTarget section */
		EC7090FA18AC4D87009A5520 /* CrystalBall */ = {
			isa = PBXNativeTarget;
			buildConfigurationList = EC70912D18AC4D87009A5520 /* Build configuration list for PBXNativeTarget "CrystalBall" */;
			buildPhases = (
				EC7090F718AC4D87009A5520 /* Sources */,
				EC7090F818AC4D87009A5520 /* Frameworks */,
				EC7090F918AC4D87009A5520 /* Resources */,
			);
			buildRules = (
			);
			dependencies = (
			);
			name = CrystalBall;
			productName = CrystalBall;
			productReference = EC7090FB18AC4D87009A5520 /* CrystalBall.app */;
			productType = "com.apple.product-type.application";
		};
		EC70911B18AC4D87009A5520 /* CrystalBallTests */ = {
			isa = PBXNativeTarget;
			buildConfigurationList = EC70913018AC4D87009A5520 /* Build configuration list for PBXNativeTarget "CrystalBallTests" */;
			buildPhases = (
				EC70911818AC4D87009A5520 /* Sources */,
				EC70911918AC4D87009A5520 /* Frameworks */,
				EC70911A18AC4D87009A5520 /* Resources */,
			);
			buildRules = (
			);
			dependencies = (
				EC70912218AC4D87009A5520 /* PBXTargetDependency */,
			);
			name = CrystalBallTests;
			productName = CrystalBallTests;
			productReference = EC70911C18AC4D87009A5520 /* CrystalBallTests.xctest */;
			productType = "com.apple.product-type.bundle.unit-test";
		};
/* End PBXNativeTarget section */

/* Begin PBXProject section */
		EC7090F318AC4D87009A5520 /* Project object */ = {
			isa = PBXProject;
			attributes = {
				CLASSPREFIX = SG;
				LastUpgradeCheck = 0500;
				ORGANIZATIONNAME = "stephen g";
				TargetAttributes = {
					EC7090FA18AC4D87009A5520 = {
						DevelopmentTeam = 9296ULQU7L;
					};
					EC70911B18AC4D87009A5520 = {
						TestTargetID = EC7090FA18AC4D87009A5520;
					};
				};
			};
			buildConfigurationList = EC7090F618AC4D87009A5520 /* Build configuration list for PBXProject "CrystalBall" */;
			compatibilityVersion = "Xcode 3.2";
			developmentRegion = English;
			hasScannedForEncodings = 0;
			knownRegions = (
				en,
				Base,
			);
			mainGroup = EC7090F218AC4D87009A5520;
			productRefGroup = EC7090FC18AC4D87009A5520 /* Products */;
			projectDirPath = "";
			projectRoot = "";
			targets = (
				EC7090FA18AC4D87009A5520 /* CrystalBall */,
				EC70911B18AC4D87009A5520 /* CrystalBallTests */,
			);
		};
/* End PBXProject section */

/* Begin PBXResourcesBuildPhase section */
		EC7090F918AC4D87009A5520 /* Resources */ = {
			isa = PBXResourcesBuildPhase;
			buildActionMask = 2147483647;
			files = (
				EC70911718AC4D87009A5520 /* Images.xcassets in Resources */,
				EC70910918AC4D87009A5520 /* InfoPlist.strings in Resources */,
				EC70913718B2D61F009A5520 /* crystal_ball.mp3 in Resources */,
				EC70911218AC4D87009A5520 /* Main.storyboard in Resources */,
			);
			runOnlyForDeploymentPostprocessing = 0;
		};
		EC70911A18AC4D87009A5520 /* Resources */ = {
			isa = PBXResourcesBuildPhase;
			buildActionMask = 2147483647;
			files = (
				EC70912818AC4D87009A5520 /* InfoPlist.strings in Resources */,
			);
			runOnlyForDeploymentPostprocessing = 0;
		};
/* End PBXResourcesBuildPhase section */

/* Begin PBXSourcesBuildPhase section */
		EC7090F718AC4D87009A5520 /* Sources */ = {
			isa = PBXSourcesBuildPhase;
			buildActionMask = 2147483647;
			files = (
				EC70911518AC4D87009A5520 /* ViewController.m in Sources */,
				EC70910F18AC4D87009A5520 /* AppDelegate.m in Sources */,
				EC70913518B00C8A009A5520 /* CystalBall.m in Sources */,
				EC70910B18AC4D87009A5520 /* main.m in Sources */,
			);
			runOnlyForDeploymentPostprocessing = 0;
		};
		EC70911818AC4D87009A5520 /* Sources */ = {
			isa = PBXSourcesBuildPhase;
			buildActionMask = 2147483647;
			files = (
				EC70912A18AC4D87009A5520 /* CrystalBallTests.m in Sources */,
			);
			runOnlyForDeploymentPostprocessing = 0;
		};
/* End PBXSourcesBuildPhase section */

/* Begin PBXTargetDependency section */
		EC70912218AC4D87009A5520 /* PBXTargetDependency */ = {
			isa = PBXTargetDependency;
			target = EC7090FA18AC4D87009A5520 /* CrystalBall */;
			targetProxy = EC70912118AC4D87009A5520 /* PBXContainerItemProxy */;
		};
/* End PBXTargetDependency section */

/* Begin PBXVariantGroup section */
		EC70910718AC4D87009A5520 /* InfoPlist.strings */ = {
			isa = PBXVariantGroup;
			children = (
				EC70910818AC4D87009A5520 /* en */,
			);
			name = InfoPlist.strings;
			sourceTree = "<group>";
		};
		EC70911018AC4D87009A5520 /* Main.storyboard */ = {
			isa = PBXVariantGroup;
			children = (
				EC70911118AC4D87009A5520 /* Base */,
			);
			name = Main.storyboard;
			sourceTree = "<group>";
		};
		EC70912618AC4D87009A5520 /* InfoPlist.strings */ = {
			isa = PBXVariantGroup;
			children = (
				EC70912718AC4D87009A5520 /* en */,
			);
			name = InfoPlist.strings;
			sourceTree = "<group>";
		};
/* End PBXVariantGroup section */

/* Begin XCBuildConfiguration section */
		EC70912B18AC4D87009A5520 /* Debug */ = {
			isa = XCBuildConfiguration;
			buildSettings = {
				ALWAYS_SEARCH_USER_PATHS = NO;
				ARCHS = "$(ARCHS_STANDARD_INCLUDING_64_BIT)";
				CLANG_CXX_LANGUAGE_STANDARD = "gnu++0x";
				CLANG_CXX_LIBRARY = "libc++";
				CLANG_ENABLE_MODULES = YES;
				CLANG_ENABLE_OBJC_ARC = YES;
				CLANG_WARN_BOOL_CONVERSION = YES;
				CLANG_WARN_CONSTANT_CONVERSION = YES;
				CLANG_WARN_DIRECT_OBJC_ISA_USAGE = YES_ERROR;
				CLANG_WARN_EMPTY_BODY = YES;
				CLANG_WARN_ENUM_CONVERSION = YES;
				CLANG_WARN_INT_CONVERSION = YES;
				CLANG_WARN_OBJC_ROOT_CLASS = YES_ERROR;
				CLANG_WARN__DUPLICATE_METHOD_MATCH = YES;
				"CODE_SIGN_IDENTITY[sdk=iphoneos*]" = "iPhone Developer";
				COPY_PHASE_STRIP = NO;
				GCC_C_LANGUAGE_STANDARD = gnu99;
				GCC_DYNAMIC_NO_PIC = NO;
				GCC_OPTIMIZATION_LEVEL = 0;
				GCC_PREPROCESSOR_DEFINITIONS = (
					"DEBUG=1",
					"$(inherited)",
				);
				GCC_SYMBOLS_PRIVATE_EXTERN = NO;
				GCC_WARN_64_TO_32_BIT_CONVERSION = YES;
				GCC_WARN_ABOUT_RETURN_TYPE = YES_ERROR;
				GCC_WARN_UNDECLARED_SELECTOR = YES;
				GCC_WARN_UNINITIALIZED_AUTOS = YES;
				GCC_WARN_UNUSED_FUNCTION = YES;
				GCC_WARN_UNUSED_VARIABLE = YES;
				IPHONEOS_DEPLOYMENT_TARGET = 7.0;
				ONLY_ACTIVE_ARCH = YES;
				SDKROOT = iphoneos;
			};
			name = Debug;
		};
		EC70912C18AC4D87009A5520 /* Release */ = {
			isa = XCBuildConfiguration;
			buildSettings = {
				ALWAYS_SEARCH_USER_PATHS = NO;
				ARCHS = "$(ARCHS_STANDARD_INCLUDING_64_BIT)";
				CLANG_CXX_LANGUAGE_STANDARD = "gnu++0x";
				CLANG_CXX_LIBRARY = "libc++";
				CLANG_ENABLE_MODULES = YES;
				CLANG_ENABLE_OBJC_ARC = YES;
				CLANG_WARN_BOOL_CONVERSION = YES;
				CLANG_WARN_CONSTANT_CONVERSION = YES;
				CLANG_WARN_DIRECT_OBJC_ISA_USAGE = YES_ERROR;
				CLANG_WARN_EMPTY_BODY = YES;
				CLANG_WARN_ENUM_CONVERSION = YES;
				CLANG_WARN_INT_CONVERSION = YES;
				CLANG_WARN_OBJC_ROOT_CLASS = YES_ERROR;
				CLANG_WARN__DUPLICATE_METHOD_MATCH = YES;
				"CODE_SIGN_IDENTITY[sdk=iphoneos*]" = "iPhone Developer";
				COPY_PHASE_STRIP = YES;
				ENABLE_NS_ASSERTIONS = NO;
				GCC_C_LANGUAGE_STANDARD = gnu99;
				GCC_WARN_64_TO_32_BIT_CONVERSION = YES;
				GCC_WARN_ABOUT_RETURN_TYPE = YES_ERROR;
				GCC_WARN_UNDECLARED_SELECTOR = YES;
				GCC_WARN_UNINITIALIZED_AUTOS = YES;
				GCC_WARN_UNUSED_FUNCTION = YES;
				GCC_WARN_UNUSED_VARIABLE = YES;
				IPHONEOS_DEPLOYMENT_TARGET = 7.0;
				SDKROOT = iphoneos;
				VALIDATE_PRODUCT = YES;
			};
			name = Release;
		};
		EC70912E18AC4D87009A5520 /* Debug */ = {
			isa = XCBuildConfiguration;
			buildSettings = {
				ASSETCATALOG_COMPILER_APPICON_NAME = AppIcon;
				ASSETCATALOG_COMPILER_LAUNCHIMAGE_NAME = LaunchImage;
				CODE_SIGN_IDENTITY = "iPhone Developer";
				"CODE_SIGN_IDENTITY[sdk=iphoneos*]" = "iPhone Developer";
				GCC_PRECOMPILE_PREFIX_HEADER = YES;
				GCC_PREFIX_HEADER = "CrystalBall/CrystalBall-Prefix.pch";
				INFOPLIST_FILE = "CrystalBall/CrystalBall-Info.plist";
				PRODUCT_NAME = "$(TARGET_NAME)";
				PROVISIONING_PROFILE = "";
				WRAPPER_EXTENSION = app;
			};
			name = Debug;
		};
		EC70912F18AC4D87009A5520 /* Release */ = {
			isa = XCBuildConfiguration;
			buildSettings = {
				ASSETCATALOG_COMPILER_APPICON_NAME = AppIcon;
				ASSETCATALOG_COMPILER_LAUNCHIMAGE_NAME = LaunchImage;
				CODE_SIGN_IDENTITY = "iPhone Developer";
				"CODE_SIGN_IDENTITY[sdk=iphoneos*]" = "iPhone Developer";
				GCC_PRECOMPILE_PREFIX_HEADER = YES;
				GCC_PREFIX_HEADER = "CrystalBall/CrystalBall-Prefix.pch";
				INFOPLIST_FILE = "CrystalBall/CrystalBall-Info.plist";
				PRODUCT_NAME = "$(TARGET_NAME)";
				PROVISIONING_PROFILE = "";
				WRAPPER_EXTENSION = app;
			};
			name = Release;
		};
		EC70913118AC4D87009A5520 /* Debug */ = {
			isa = XCBuildConfiguration;
			buildSettings = {
				ARCHS = "$(ARCHS_STANDARD_INCLUDING_64_BIT)";
				BUNDLE_LOADER = "$(BUILT_PRODUCTS_DIR)/CrystalBall.app/CrystalBall";
				FRAMEWORK_SEARCH_PATHS = (
					"$(SDKROOT)/Developer/Library/Frameworks",
					"$(inherited)",
					"$(DEVELOPER_FRAMEWORKS_DIR)",
				);
				GCC_PRECOMPILE_PREFIX_HEADER = YES;
				GCC_PREFIX_HEADER = "CrystalBall/CrystalBall-Prefix.pch";
				GCC_PREPROCESSOR_DEFINITIONS = (
					"DEBUG=1",
					"$(inherited)",
				);
				INFOPLIST_FILE = "CrystalBallTests/CrystalBallTests-Info.plist";
				PRODUCT_NAME = "$(TARGET_NAME)";
				TEST_HOST = "$(BUNDLE_LOADER)";
				WRAPPER_EXTENSION = xctest;
			};
			name = Debug;
		};
		EC70913218AC4D87009A5520 /* Release */ = {
			isa = XCBuildConfiguration;
			buildSettings = {
				ARCHS = "$(ARCHS_STANDARD_INCLUDING_64_BIT)";
				BUNDLE_LOADER = "$(BUILT_PRODUCTS_DIR)/CrystalBall.app/CrystalBall";
				FRAMEWORK_SEARCH_PATHS = (
					"$(SDKROOT)/Developer/Library/Frameworks",
					"$(inherited)",
					"$(DEVELOPER_FRAMEWORKS_DIR)",
				);
				GCC_PRECOMPILE_PREFIX_HEADER = YES;
				GCC_PREFIX_HEADER = "CrystalBall/CrystalBall-Prefix.pch";
				INFOPLIST_FILE = "CrystalBallTests/CrystalBallTests-Info.plist";
				PRODUCT_NAME = "$(TARGET_NAME)";
				TEST_HOST = "$(BUNDLE_LOADER)";
				WRAPPER_EXTENSION = xctest;
			};
			name = Release;
		};
/* End XCBuildConfiguration section */

/* Begin XCConfigurationList section */
		EC7090F618AC4D87009A5520 /* Build configuration list for PBXProject "CrystalBall" */ = {
			isa = XCConfigurationList;
			buildConfigurations = (
				EC70912B18AC4D87009A5520 /* Debug */,
				EC70912C18AC4D87009A5520 /* Release */,
			);
			defaultConfigurationIsVisible = 0;
			defaultConfigurationName = Release;
		};
		EC70912D18AC4D87009A5520 /* Build configuration list for PBXNativeTarget "CrystalBall" */ = {
			isa = XCConfigurationList;
			buildConfigurations = (
				EC70912E18AC4D87009A5520 /* Debug */,
				EC70912F18AC4D87009A5520 /* Release */,
			);
			defaultConfigurationIsVisible = 0;
			defaultConfigurationName = Release;
		};
		EC70913018AC4D87009A5520 /* Build configuration list for PBXNativeTarget "CrystalBallTests" */ = {
			isa = XCConfigurationList;
			buildConfigurations = (
				EC70913118AC4D87009A5520 /* Debug */,
				EC70913218AC4D87009A5520 /* Release */,
			);
			defaultConfigurationIsVisible = 0;
			defaultConfigurationName = Release;
		};
/* End XCConfigurationList section */
	};
	rootObject = EC7090F318AC4D87009A5520 /* Project object */;
}
